
Microsoft Visual Studio Solution File, Format Version 12.00
# Visual Studio Version 17
VisualStudioVersion = 17.0.31912.275
MinimumVisualStudioVersion = 10.0.40219.1
Project("{FAE04EC0-301F-11D3-BF4B-00C04F79EFBC}") = "LabBasedAssignment6", "LabBasedAssignment6\LabBasedAssignment6.csproj", "{A7DFD450-3F78-469F-84A2-BB622B70BEEA}"
EndProject
Global
	GlobalSection(SolutionConfigurationPlatforms) = preSolution
		Debug|Any CPU = Debug|Any CPU
		Release|Any CPU = Release|Any CPU
	EndGlobalSection
	GlobalSection(ProjectConfigurationPlatforms) = postSolution
		{A7DFD450-3F78-469F-84A2-BB622B70BEEA}.Debug|Any CPU.ActiveCfg = Debug|Any CPU
		{A7DFD450-3F78-469F-84A2-BB622B70BEEA}.Debug|Any CPU.Build.0 = Debug|Any CPU
		{A7DFD450-3F78-469F-84A2-BB622B70BEEA}.Release|Any CPU.ActiveCfg = Release|Any CPU
		{A7DFD450-3F78-469F-84A2-BB622B70BEEA}.Release|Any CPU.Build.0 = Release|Any CPU
	EndGlobalSection
	GlobalSection(SolutionProperties) = preSolution
		HideSolutionNode = FALSE
	EndGlobalSection
	GlobalSection(ExtensibilityGlobals) = postSolution
		SolutionGuid = {9F226675-CCD9-44F0-8E68-C48FE1EED9E6}
	EndGlobalSection
EndGlobal
